
Microsoft Visual Studio Solution File, Format Version 12.00
# Visual Studio 15
VisualStudioVersion = 15.0.27703.2026
MinimumVisualStudioVersion = 10.0.40219.1
Project("{FAE04EC0-301F-11D3-BF4B-00C04F79EFBC}") = "aim practice", "aim practice\aim practice.csproj", "{6802ABEF-DA48-4EB9-B707-960B31F79A20}"
EndProject
Global
	GlobalSection(SolutionConfigurationPlatforms) = preSolution
		Debug|Any CPU = Debug|Any CPU
		Release|Any CPU = Release|Any CPU
	EndGlobalSection
	GlobalSection(ProjectConfigurationPlatforms) = postSolution
		{6802ABEF-DA48-4EB9-B707-960B31F79A20}.Debug|Any CPU.ActiveCfg = Debug|Any CPU
		{6802ABEF-DA48-4EB9-B707-960B31F79A20}.Debug|Any CPU.Build.0 = Debug|Any CPU
		{6802ABEF-DA48-4EB9-B707-960B31F79A20}.Release|Any CPU.ActiveCfg = Release|Any CPU
		{6802ABEF-DA48-4EB9-B707-960B31F79A20}.Release|Any CPU.Build.0 = Release|Any CPU
	EndGlobalSection
	GlobalSection(SolutionProperties) = preSolution
		HideSolutionNode = FALSE
	EndGlobalSection
	GlobalSection(ExtensibilityGlobals) = postSolution
		SolutionGuid = {4BAABD20-1D18-48D5-9F9D-E403C2C27B19}
	EndGlobalSection
EndGlobal
